
Microsoft Visual Studio Solution File, Format Version 12.00
# Visual Studio 15
VisualStudioVersion = 15.0.27004.2006
MinimumVisualStudioVersion = 10.0.40219.1
Project("{FAE04EC0-301F-11D3-BF4B-00C04F79EFBC}") = "ThinkPower.LabB3.Web", "ThinkPower.LabB3.Web\ThinkPower.LabB3.Web.csproj", "{9924CBD5-0E1C-497E-A3EB-C9D4FA56D850}"
EndProject
Project("{FAE04EC0-301F-11D3-BF4B-00C04F79EFBC}") = "ThinkPower.LabB3.DataAccess", "ThinkPower.LabB3.DataAccess\ThinkPower.LabB3.DataAccess.csproj", "{5BA9B2CB-B681-4D7A-8E1A-61748F3BD905}"
EndProject
Project("{FAE04EC0-301F-11D3-BF4B-00C04F79EFBC}") = "ThinkPower.LabB3.Domain", "ThinkPower.LabB3.Domain\ThinkPower.LabB3.Domain.csproj", "{7A316C2D-2161-4E35-B233-88D211B3667A}"
EndProject
Project("{FAE04EC0-301F-11D3-BF4B-00C04F79EFBC}") = "ThinkPower.LabB3.DataAccessTests", "ThinkPower.LabB3.DataAccessTests\ThinkPower.LabB3.DataAccessTests.csproj", "{30068DBC-A209-473B-82D0-8DFEB4CAD118}"
EndProject
Project("{FAE04EC0-301F-11D3-BF4B-00C04F79EFBC}") = "ThinkPower.LabB3.DomainTests", "ThinkPower.LabB3.DomainTests\ThinkPower.LabB3.DomainTests.csproj", "{1124E904-24CE-4F87-98A6-F1D39FB6A5C2}"
EndProject
Project("{2150E333-8FDC-42A3-9474-1A3956D46DE8}") = "test", "test", "{A35871B6-AAE9-43F7-B40D-E1A01393DFF0}"
EndProject
Global
	GlobalSection(SolutionConfigurationPlatforms) = preSolution
		Debug|Any CPU = Debug|Any CPU
		Release|Any CPU = Release|Any CPU
	EndGlobalSection
	GlobalSection(ProjectConfigurationPlatforms) = postSolution
		{9924CBD5-0E1C-497E-A3EB-C9D4FA56D850}.Debug|Any CPU.ActiveCfg = Debug|Any CPU
		{9924CBD5-0E1C-497E-A3EB-C9D4FA56D850}.Debug|Any CPU.Build.0 = Debug|Any CPU
		{9924CBD5-0E1C-497E-A3EB-C9D4FA56D850}.Release|Any CPU.ActiveCfg = Release|Any CPU
		{9924CBD5-0E1C-497E-A3EB-C9D4FA56D850}.Release|Any CPU.Build.0 = Release|Any CPU
		{5BA9B2CB-B681-4D7A-8E1A-61748F3BD905}.Debug|Any CPU.ActiveCfg = Debug|Any CPU
		{5BA9B2CB-B681-4D7A-8E1A-61748F3BD905}.Debug|Any CPU.Build.0 = Debug|Any CPU
		{5BA9B2CB-B681-4D7A-8E1A-61748F3BD905}.Release|Any CPU.ActiveCfg = Release|Any CPU
		{5BA9B2CB-B681-4D7A-8E1A-61748F3BD905}.Release|Any CPU.Build.0 = Release|Any CPU
		{7A316C2D-2161-4E35-B233-88D211B3667A}.Debug|Any CPU.ActiveCfg = Debug|Any CPU
		{7A316C2D-2161-4E35-B233-88D211B3667A}.Debug|Any CPU.Build.0 = Debug|Any CPU
		{7A316C2D-2161-4E35-B233-88D211B3667A}.Release|Any CPU.ActiveCfg = Release|Any CPU
		{7A316C2D-2161-4E35-B233-88D211B3667A}.Release|Any CPU.Build.0 = Release|Any CPU
		{30068DBC-A209-473B-82D0-8DFEB4CAD118}.Debug|Any CPU.ActiveCfg = Debug|Any CPU
		{30068DBC-A209-473B-82D0-8DFEB4CAD118}.Debug|Any CPU.Build.0 = Debug|Any CPU
		{30068DBC-A209-473B-82D0-8DFEB4CAD118}.Release|Any CPU.ActiveCfg = Release|Any CPU
		{30068DBC-A209-473B-82D0-8DFEB4CAD118}.Release|Any CPU.Build.0 = Release|Any CPU
		{1124E904-24CE-4F87-98A6-F1D39FB6A5C2}.Debug|Any CPU.ActiveCfg = Debug|Any CPU
		{1124E904-24CE-4F87-98A6-F1D39FB6A5C2}.Debug|Any CPU.Build.0 = Debug|Any CPU
		{1124E904-24CE-4F87-98A6-F1D39FB6A5C2}.Release|Any CPU.ActiveCfg = Release|Any CPU
		{1124E904-24CE-4F87-98A6-F1D39FB6A5C2}.Release|Any CPU.Build.0 = Release|Any CPU
	EndGlobalSection
	GlobalSection(SolutionProperties) = preSolution
		HideSolutionNode = FALSE
	EndGlobalSection
	GlobalSection(NestedProjects) = preSolution
		{30068DBC-A209-473B-82D0-8DFEB4CAD118} = {A35871B6-AAE9-43F7-B40D-E1A01393DFF0}
		{1124E904-24CE-4F87-98A6-F1D39FB6A5C2} = {A35871B6-AAE9-43F7-B40D-E1A01393DFF0}
	EndGlobalSection
	GlobalSection(ExtensibilityGlobals) = postSolution
		SolutionGuid = {20CFE723-AE39-4300-8A15-D52EEF4AA4C6}
	EndGlobalSection
EndGlobal
